name: Apply Step 5.6 Device Instance Lock

on:
  workflow_dispatch:
  push:
    paths:
      - '.github/workflows/apply-step56-device-instance-lock.yml'
      - '.github/workflows/apply-step56-device-instance-lock-corrected.yml'

permissions:
  contents: write

jobs:
  apply-step56:
    runs-on: ubuntu-latest
    steps:
      - name: Checkout repository
        uses: actions/checkout@v4
        with:
          fetch-depth: 0

      - name: Apply device instance lock and safer recovery
        shell: bash
        run: |
          set -euo pipefail
          cat > /tmp/step56.py.b64 <<'PY64'
          ZnJvbSBwYXRobGliIGltcG9ydCBQYXRoCmZyb20gZGF0ZXRpbWUgaW1wb3J0IGRhdGV0aW1lLCB0
          aW1lem9uZQoKZGVmIG11c3QocGF0aCk6CiAgICBwID0gUGF0aChwYXRoKQogICAgaWYgbm90IHAu
          ZXhpc3RzKCk6CiAgICAgICAgcmFpc2UgU3lzdGVtRXhpdChmIk1pc3NpbmcgcmVxdWlyZWQgZmls
          ZToge3BhdGh9IikKICAgIHJldHVybiBwCgojIDEpIEFkZCBhIGJyb3dzZXItbG9jYWwgZGV2aWNl
          IHNlY3JldCB0byB0aGUgbG9naW4gZmluZ2VycHJpbnQuCmxvZ2luID0gbXVzdCgnYXBwL2xvZ2lu
          L3BhZ2UuanMnKQp0eHQgPSBsb2dpbi5yZWFkX3RleHQoZW5jb2Rpbmc9J3V0Zi04JykKCmlmICdj
          b25zdCBERVZJQ0VfU0VDUkVUX0tFWSA9ICJzcl90b29sX2RldmljZV9pbnN0YW5jZV9zZWNyZXRf
          djEiOycgbm90IGluIHR4dDoKICAgIHR4dCA9IHR4dC5yZXBsYWNlKAogICAgICAgICdjb25zdCBD
          T09LSUVfTUFYX0FHRSA9IDYwICogNjAgKiAyNCAqIDM2NSAqIDU7XG4nLAogICAgICAgICdjb25z
          dCBDT09LSUVfTUFYX0FHRSA9IDYwICogNjAgKiAyNCAqIDM2NSAqIDU7XG4nCiAgICAgICAgJ2Nv
          bnN0IERFVklDRV9TRUNSRVRfS0VZID0gInNyX3Rvb2xfZGV2aWNlX2luc3RhbmNlX3NlY3JldF92
          MSI7XG4nLAogICAgICAgIDEKICAgICkKCmlmICdmdW5jdGlvbiBnZXRTdGFibGVEZXZpY2VTZWNy
          ZXQoKScgbm90IGluIHR4dDoKICAgIG1hcmtlciA9ICcnJ2Z1bmN0aW9uIGNyZWF0ZVVzZXJJZCgp
          ewogIHRyeSB7IGlmIChjcnlwdG8/LnJhbmRvbVVVSUQpIHJldHVybiBgdWlkXyR7Y3J5cHRvLnJh
          bmRvbVVVSUQoKX1gOyB9IGNhdGNoIHt9CiAgcmV0dXJuIGB1aWRfJHtEYXRlLm5vdygpLnRvU3Ry
          aW5nKDE2KX1fJHtNYXRoLnJhbmRvbSgpLnRvU3RyaW5nKDE2KS5zbGljZSgyKX1gOwp9CicnJwog
          ICAgaW5zZXJ0ID0gbWFya2VyICsgJycnZnVuY3Rpb24gY3JlYXRlRGV2aWNlU2VjcmV0KCl7CiAg
          dHJ5IHsKICAgIGNvbnN0IGEgPSBjcnlwdG8/LnJhbmRvbVVVSUQgPyBjcnlwdG8ucmFuZG9tVVVJ
          RCgpIDogTWF0aC5yYW5kb20oKS50b1N0cmluZygxNikuc2xpY2UoMik7CiAgICBjb25zdCBieXRl
          cyA9IG5ldyBVaW50OEFycmF5KDE2KTsKICAgIGNyeXB0bz8uZ2V0UmFuZG9tVmFsdWVzPy4oYnl0
          ZXMpOwogICAgY29uc3QgYiA9IEFycmF5LmZyb20oYnl0ZXMpLm1hcCgoeCk9PngudG9TdHJpbmco
          MTYpLnBhZFN0YXJ0KDIsIjAiKSkuam9pbigiIik7CiAgICByZXR1cm4gYGRldl8ke2F9XyR7Yn1f
          JHtEYXRlLm5vdygpLnRvU3RyaW5nKDE2KX1gOwogIH0gY2F0Y2ggewogICAgcmV0dXJuIGBkZXZf
          JHtEYXRlLm5vdygpLnRvU3RyaW5nKDE2KX1fJHtNYXRoLnJhbmRvbSgpLnRvU3RyaW5nKDE2KS5z
          bGljZSgyKX1fJHtNYXRoLnJhbmRvbSgpLnRvU3RyaW5nKDE2KS5zbGljZSgyKX1gOwogIH0KfQpm
          dW5jdGlvbiBnZXRTdGFibGVEZXZpY2VTZWNyZXQoKXsKICBsZXQgdiA9ICIiOwogIHRyeSB7IHYg
          PSBsb2NhbFN0b3JhZ2UuZ2V0SXRlbShERVZJQ0VfU0VDUkVUX0tFWSkgfHwgIiI7IH0gY2F0Y2gg
          e30KICBpZighL15kZXZfW2EtekEtWjAtOV8uOi1dezIwLH0kLy50ZXN0KFN0cmluZyh2IHx8ICIi
          KSkpewogICAgdiA9IGNyZWF0ZURldmljZVNlY3JldCgpOwogICAgdHJ5IHsgbG9jYWxTdG9yYWdl
          LnNldEl0ZW0oREVWSUNFX1NFQ1JFVF9LRVksIHYpOyB9IGNhdGNoIHt9CiAgfQogIHJldHVybiB2
          Owp9CicnJwogICAgaWYgbWFya2VyIG5vdCBpbiB0eHQ6CiAgICAgICAgcmFpc2UgU3lzdGVtRXhp
          dCgnQ291bGQgbm90IGZpbmQgY3JlYXRlVXNlcklkIGJsb2NrIGluIGFwcC9sb2dpbi9wYWdlLmpz
          JykKICAgIHR4dCA9IHR4dC5yZXBsYWNlKG1hcmtlciwgaW5zZXJ0LCAxKQoKaWYgJ2NvbnN0IGRl
          dmljZUluc3RhbmNlSGFzaCA9IGF3YWl0IHNoYTI1NkhleChnZXRTdGFibGVEZXZpY2VTZWNyZXQo
          KSk7JyBub3QgaW4gdHh0OgogICAgbmVlZGxlID0gJyAgY29uc3QgW2NhbnZhc0hhc2gsIGF1ZGlv
          SGFzaCwgZm9udHNIYXNoLCB3ZWJnbCwgcGx1Z2luc0hhc2gsIGNsaWVudEhpbnRzLCBzdG9yYWdl
          LCBrZXlib2FyZCwgY2FwYWJpbGl0aWVzLCBuZXR3b3JrLCBiYXR0ZXJ5LCBtZWRpYURldmljZXNd
          ID0gYXdhaXQgUHJvbWlzZS5hbGwoW1xuJwogICAgaWYgbmVlZGxlIG5vdCBpbiB0eHQ6CiAgICAg
          ICAgcmFpc2UgU3lzdGVtRXhpdCgnQ291bGQgbm90IGZpbmQgZmluZ2VycHJpbnQgUHJvbWlzZS5h
          bGwgbGluZSBpbiBhcHAvbG9naW4vcGFnZS5qcycpCiAgICB0eHQgPSB0eHQucmVwbGFjZSgKICAg
          ICAgICBuZWVkbGUsCiAgICAgICAgJyAgY29uc3QgZGV2aWNlSW5zdGFuY2VIYXNoID0gYXdhaXQg
          c2hhMjU2SGV4KGdldFN0YWJsZURldmljZVNlY3JldCgpKTtcbicgKyBuZWVkbGUsCiAgICAgICAg
          MQogICAgKQoKaWYgJ2RldmljZUluc3RhbmNlSGFzaCwnIG5vdCBpbiB0eHQ6CiAgICBuZWVkbGUg
          PSAnICAgIHBsdWdpbnNIYXNoLFxuICB9O1xufVxuJwogICAgaWYgbmVlZGxlIG5vdCBpbiB0eHQ6
          CiAgICAgICAgcmFpc2UgU3lzdGVtRXhpdCgnQ291bGQgbm90IGZpbmQgZmluZ2VycHJpbnQgcmV0
          dXJuIGJsb2NrIGluIGFwcC9sb2dpbi9wYWdlLmpzJykKICAgIHR4dCA9IHR4dC5yZXBsYWNlKAog
          ICAgICAgIG5lZWRsZSwKICAgICAgICAnICAgIHBsdWdpbnNIYXNoLFxuICAgIGRldmljZUluc3Rh
          bmNlSGFzaCxcbiAgfTtcbn1cbicsCiAgICAgICAgMQogICAgKQoKIyBLZWVwIFVJIHJlbWluZGVy
          IHRocmVzaG9sZCBhbGlnbmVkIHdpdGggc2FmZXIgbWFudWFsIHJlY292ZXJ5Lgp0eHQgPSB0eHQu
          cmVwbGFjZSgnTnVtYmVyKGl0ZW0uc2NvcmUgfHwgMCkgPCA3MiA/ICIgLSDZhNmE2KrYsNmD2YrY
          sSDZgdmC2LciIDogIiInLCAnTnVtYmVyKGl0ZW0uc2NvcmUgfHwgMCkgPCA5MCA/ICIgLSDZhNmE
          2KrYsNmD2YrYsSDZgdmC2LciIDogIiInKQpsb2dpbi53cml0ZV90ZXh0KHR4dCwgZW5jb2Rpbmc9
          J3V0Zi04JykKCiMgMikgVGlnaHRlbiBkZXZpY2UtY29uZmlkZW5jZSBtYXRjaGluZyBzbyBmdXp6
          eSBtYXRjaGVzIG5ldmVyIHNpbGVudGx5IGFzc2lnbiBhIG5pY2tuYW1lLgpkZXYgPSBtdXN0KCds
          aWIvc2VydmVyL2RldmljZS1jb25maWRlbmNlLmpzJykKZCA9IGRldi5yZWFkX3RleHQoZW5jb2Rp
          bmc9J3V0Zi04JykKCmQgPSBkLnJlcGxhY2UoJ2V4cG9ydCBjb25zdCBERVZJQ0VfQVVUT19SRUNP
          VkVSWV9USFJFU0hPTEQgPSA4MDsnLCAnZXhwb3J0IGNvbnN0IERFVklDRV9BVVRPX1JFQ09WRVJZ
          X1RIUkVTSE9MRCA9IDEwMDsnKQpkID0gZC5yZXBsYWNlKCdleHBvcnQgY29uc3QgREVWSUNFX0FV
          VE9fUkVDT1ZFUllfVEhSRVNIT0xEID0gMTA1OycsICdleHBvcnQgY29uc3QgREVWSUNFX0FVVE9f
          UkVDT1ZFUllfVEhSRVNIT0xEID0gMTAwOycpCmQgPSBkLnJlcGxhY2UoJ2V4cG9ydCBjb25zdCBE
          RVZJQ0VfQU1CSUdVSVRZX0dBUCA9IDEwOycsICdleHBvcnQgY29uc3QgREVWSUNFX0FNQklHVUlU
          WV9HQVAgPSAxODsnKQpkID0gZC5yZXBsYWNlKCdleHBvcnQgY29uc3QgREVWSUNFX0FNQklHVUlU
          WV9HQVAgPSAxODsnLCAnZXhwb3J0IGNvbnN0IERFVklDRV9BTUJJR1VJVFlfR0FQID0gMTg7JykK
          ZCA9IGQucmVwbGFjZSgnZXhwb3J0IGNvbnN0IERFVklDRV9NQU5VQUxfUkVDT1ZFUllfVEhSRVNI
          T0xEID0gNzI7JywgJ2V4cG9ydCBjb25zdCBERVZJQ0VfTUFOVUFMX1JFQ09WRVJZX1RIUkVTSE9M
          RCA9IDkwOycpCmQgPSBkLnJlcGxhY2UoJ2V4cG9ydCBjb25zdCBERVZJQ0VfTUFOVUFMX1JFQ09W
          RVJZX1RIUkVTSE9MRCA9IDkyOycsICdleHBvcnQgY29uc3QgREVWSUNFX01BTlVBTF9SRUNPVkVS
          WV9USFJFU0hPTEQgPSA5MDsnKQpkID0gZC5yZXBsYWNlKCdleHBvcnQgY29uc3QgREVWSUNFX01B
          TlVBTF9BTUJJR1VJVFlfR0FQID0gODsnLCAnZXhwb3J0IGNvbnN0IERFVklDRV9NQU5VQUxfQU1C
          SUdVSVRZX0dBUCA9IDE1OycpCmQgPSBkLnJlcGxhY2UoJ2V4cG9ydCBjb25zdCBERVZJQ0VfTUFO
          VUFMX0FNQklHVUlUWV9HQVAgPSAxNTsnLCAnZXhwb3J0IGNvbnN0IERFVklDRV9NQU5VQUxfQU1C
          SUdVSVRZX0dBUCA9IDE1OycpCmQgPSBkLnJlcGxhY2UoJ2V4cG9ydCBjb25zdCBERVZJQ0VfTUFO
          VUFMX1NUUk9OR19PVkVSUklERV9USFJFU0hPTEQgPSA4NjsnLCAnZXhwb3J0IGNvbnN0IERFVklD
          RV9NQU5VQUxfU1RST05HX09WRVJSSURFX1RIUkVTSE9MRCA9IDEwNTsnKQoKaWYgJ2RldmljZUlu
          c3RhbmNlSGFzaDogcyhyLmRldmljZUluc3RhbmNlSGFzaCwgTUFYX0hBU0gpLCcgbm90IGluIGQ6
          CiAgICBuZWVkbGUgPSAnICAgIHBsdWdpbnNIYXNoOiBzKHIucGx1Z2luc0hhc2gsIE1BWF9IQVNI
          KSxcbiAgfTtcbn1cbicKICAgIGlmIG5lZWRsZSBub3QgaW4gZDoKICAgICAgICByYWlzZSBTeXN0
          ZW1FeGl0KCdDb3VsZCBub3QgZmluZCBub3JtYWxpemUgc2lnbmFsIHJldHVybiBibG9jayBpbiBs
          aWIvc2VydmVyL2RldmljZS1jb25maWRlbmNlLmpzJykKICAgIGQgPSBkLnJlcGxhY2UoCiAgICAg
          ICAgbmVlZGxlLAogICAgICAgICcgICAgcGx1Z2luc0hhc2g6IHMoci5wbHVnaW5zSGFzaCwgTUFY
          X0hBU0gpLFxuICAgIGRldmljZUluc3RhbmNlSGFzaDogcyhyLmRldmljZUluc3RhbmNlSGFzaCwg
          TUFYX0hBU0gpLFxuICB9O1xufVxuJywKICAgICAgICAxCiAgICApCgppZiAnY29uc3QgZGV2aWNl
          SW5zdGFuY2UgPSBzaWcuZGV2aWNlSW5zdGFuY2VIYXNoOycgbm90IGluIGQ6CiAgICBvbGQgPSAn
          ICBjb25zdCBtZWRpYURldmljZXMgPSBzdGFibGVKc29uKHNpZy5tZWRpYURldmljZXMpO1xuICAv
          LyBLZWVwIHRoZSBtYWluIGRldmljZV9oYXNoIGNvbXBhdGlibGUgd2l0aCBTdGVwIDQuMyBzdGFi
          bGUgY29tcG9uZW50cy5cbiAgY29uc3QgYWxsID0gW2lwLCB1YSwgbGFuZywgcGxhdGZvcm0sIHNj
          cmVlbiwgdGltZXpvbmUsIGdyYXBoaWNzLCBjYW52YXMsIGZvbnRzXS5qb2luKCJ8fCIpO1xuJwog
          ICAgbmV3ID0gJyAgY29uc3QgbWVkaWFEZXZpY2VzID0gc3RhYmxlSnNvbihzaWcubWVkaWFEZXZp
          Y2VzKTtcbiAgY29uc3QgZGV2aWNlSW5zdGFuY2UgPSBzaWcuZGV2aWNlSW5zdGFuY2VIYXNoO1xu
          ICAvLyBTdGVwIDUuNjogYmluZCBzaWxlbnQgcmVjb3ZlcnkgdG8gYSBicm93c2VyLWxvY2FsIGRl
          dmljZSBzZWNyZXQgd2hlbiBhdmFpbGFibGUuXG4gIC8vIFRoaXMgcHJldmVudHMgYSBkaWZmZXJl
          bnQgUEMgd2l0aCBhIHNpbWlsYXIgZmluZ2VycHJpbnQgZnJvbSBzaWxlbnRseSByZWNlaXZpbmcg
          YW5vdGhlciBuaWNrbmFtZS5cbiAgY29uc3QgYWxsID0gW2lwLCB1YSwgbGFuZywgcGxhdGZvcm0s
          IHNjcmVlbiwgdGltZXpvbmUsIGdyYXBoaWNzLCBjYW52YXMsIGZvbnRzLCBkZXZpY2VJbnN0YW5j
          ZV0uam9pbigifHwiKTtcbicKICAgIGlmIG9sZCBub3QgaW4gZDoKICAgICAgICByYWlzZSBTeXN0
          ZW1FeGl0KCdDb3VsZCBub3QgZmluZCBidWlsZERldmljZUNvbXBvbmVudHMgZGV2aWNlX2hhc2gg
          YmxvY2sgaW4gbGliL3NlcnZlci9kZXZpY2UtY29uZmlkZW5jZS5qcycpCiAgICBkID0gZC5yZXBs
          YWNlKG9sZCwgbmV3LCAxKQoKaWYgJ2RldmljZV9pbnN0YW5jZTogcGFydHMuc2lnLmRldmljZUlu
          c3RhbmNlSGFzaCA/IHNob3J0SGFzaChwYXJ0cy5zaWcuZGV2aWNlSW5zdGFuY2VIYXNoKSA6ICIi
          LCcgbm90IGluIGQ6CiAgICBuZWVkbGUgPSAnICAgIG1lZGlhX2RldmljZXM6IFtwYXJ0cy5zaWcu
          bWVkaWFEZXZpY2VzLmF1ZGlvSW5wdXRzLCBwYXJ0cy5zaWcubWVkaWFEZXZpY2VzLnZpZGVvSW5w
          dXRzLCBwYXJ0cy5zaWcubWVkaWFEZXZpY2VzLmF1ZGlvT3V0cHV0c10uZmlsdGVyKEJvb2xlYW4p
          LmpvaW4oIiAvICIpLFxuJwogICAgaWYgbmVlZGxlIGluIGQ6CiAgICAgICAgZCA9IGQucmVwbGFj
          ZSgKICAgICAgICAgICAgbmVlZGxlLAogICAgICAgICAgICBuZWVkbGUgKyAnICAgIGRldmljZV9p
          bnN0YW5jZTogcGFydHMuc2lnLmRldmljZUluc3RhbmNlSGFzaCA/IHNob3J0SGFzaChwYXJ0cy5z
          aWcuZGV2aWNlSW5zdGFuY2VIYXNoKSA6ICIiLFxuJywKICAgICAgICAgICAgMQogICAgICAgICkK
          CiMgTWFyayB3aGVuIGEgZnV6enkgZmFsbGJhY2sgd2FzIHVzZWQuCm9sZCA9ICcnJyAgICBsZXQg
          Y2FuZGlkYXRlcyA9IEFycmF5LmlzQXJyYXkoZXhhY3QuZGF0YSkgPyBleGFjdC5kYXRhIDogW107
          CgogICAgaWYoY2FuZGlkYXRlcy5sZW5ndGggPT09IDApewogICAgICBsZXQgZnV6enkgPSBhd2Fp
          dCBxdWVyeUZ1enp5RGV2aWNlcyhzdXBhYmFzZSwgY29tcG9uZW50LCBlbmhhbmNlZCwgYm9udXMp
          OycnJwpuZXcgPSAnJycgICAgbGV0IGNhbmRpZGF0ZXMgPSBBcnJheS5pc0FycmF5KGV4YWN0LmRh
          dGEpID8gZXhhY3QuZGF0YSA6IFtdOwogICAgbGV0IHVzZWRGdXp6eUNhbmRpZGF0ZXMgPSBmYWxz
          ZTsKCiAgICBpZihjYW5kaWRhdGVzLmxlbmd0aCA9PT0gMCl7CiAgICAgIHVzZWRGdXp6eUNhbmRp
          ZGF0ZXMgPSB0cnVlOwogICAgICBsZXQgZnV6enkgPSBhd2FpdCBxdWVyeUZ1enp5RGV2aWNlcyhz
          dXBhYmFzZSwgY29tcG9uZW50LCBlbmhhbmNlZCwgYm9udXMpOycnJwppZiBvbGQgaW4gZCBhbmQg
          J2xldCB1c2VkRnV6enlDYW5kaWRhdGVzID0gZmFsc2U7JyBub3QgaW4gZDoKICAgIGQgPSBkLnJl
          cGxhY2Uob2xkLCBuZXcsIDEpCmVsaWYgJ2xldCB1c2VkRnV6enlDYW5kaWRhdGVzID0gZmFsc2U7
          JyBub3QgaW4gZDoKICAgIHJhaXNlIFN5c3RlbUV4aXQoJ0NvdWxkIG5vdCBhcHBseSBmdXp6eS1j
          YW5kaWRhdGUgZ3VhcmQgYmxvY2snKQoKIyBGdXp6eSBtYXRjaGVzIGFyZSBzdWdnZXN0aW9ucyBv
          bmx5OyBuZXZlciBzaWxlbnQgcmVjb3ZlcnkuCm9sZCA9ICcnJyAgICBjb25zdCBiZXN0ID0gc2Nv
          cmVkWzBdOwogICAgaWYoIWJlc3QgfHwgYmVzdC5zY29yZSA8IHRocmVzaG9sZCl7CiAgICAgIHJl
          dHVybiB7CiAgICAgICAgb2s6dHJ1ZSwKICAgICAgICBtYXRjaGVkOmZhbHNlLAogICAgICAgIHJl
          YXNvbjoibG93X2NvbmZpZGVuY2UiLAogICAgICAgIGJlc3Rfc2NvcmU6IGJlc3Q/LnNjb3JlIHx8
          IDAsCiAgICAgICAgdGhyZXNob2xkLAogICAgICAgIGVuaGFuY2VkLAogICAgICAgIGJvbnVzLAog
          ICAgICAgIHN1Z2dlc3Rpb25zLAogICAgICB9OwogICAgfQoKICAgIGNvbnN0IHNlY29uZERpZmZl
          cmVudFVzZXIgPSBzY29yZWQuZmluZCgoeCk9PngudXNlcl9pZCAhPT0gYmVzdC51c2VyX2lkKTsn
          JycKbmV3ID0gJycnICAgIGNvbnN0IGJlc3QgPSBzY29yZWRbMF07CgogICAgLy8gU3RlcCA1LjY6
          IGZ1enp5IG1hdGNoZXMgY2FuIGhlbHAgdGhlIHVzZXIgcmVtZW1iZXIgYSBuaWNrbmFtZSwgYnV0
          IHRoZXkgbXVzdAogICAgLy8gbmV2ZXIgc2lsZW50bHkgYXNzaWduIGFuIGV4aXN0aW5nIG5pY2tu
          YW1lLiBTaWxlbnQgcmVjb3ZlcnkgaXMgZXhhY3QtZGV2aWNlIG9ubHkuCiAgICBpZih1c2VkRnV6
          enlDYW5kaWRhdGVzKXsKICAgICAgcmV0dXJuIHsKICAgICAgICBvazp0cnVlLAogICAgICAgIG1h
          dGNoZWQ6ZmFsc2UsCiAgICAgICAgcmVhc29uOiJmdXp6eV9tYXRjaF9yZXF1aXJlc19jb25maXJt
          YXRpb24iLAogICAgICAgIGJlc3Rfc2NvcmU6IGJlc3Q/LnNjb3JlIHx8IDAsCiAgICAgICAgdGhy
          ZXNob2xkLAogICAgICAgIGVuaGFuY2VkLAogICAgICAgIGJvbnVzLAogICAgICAgIHN1Z2dlc3Rp
          b25zLAogICAgICB9OwogICAgfQoKICAgIGlmKCFiZXN0IHx8IGJlc3Quc2NvcmUgPCB0aHJlc2hv
          bGQpewogICAgICByZXR1cm4gewogICAgICAgIG9rOnRydWUsCiAgICAgICAgbWF0Y2hlZDpmYWxz
          ZSwKICAgICAgICByZWFzb246Imxvd19jb25maWRlbmNlIiwKICAgICAgICBiZXN0X3Njb3JlOiBi
          ZXN0Py5zY29yZSB8fCAwLAogICAgICAgIHRocmVzaG9sZCwKICAgICAgICBlbmhhbmNlZCwKICAg
          ICAgICBib251cywKICAgICAgICBzdWdnZXN0aW9ucywKICAgICAgfTsKICAgIH0KCiAgICBjb25z
          dCBzZWNvbmREaWZmZXJlbnRVc2VyID0gc2NvcmVkLmZpbmQoKHgpPT54LnVzZXJfaWQgIT09IGJl
          c3QudXNlcl9pZCk7JycnCmlmIG9sZCBpbiBkIGFuZCAnZnV6enlfbWF0Y2hfcmVxdWlyZXNfY29u
          ZmlybWF0aW9uJyBub3QgaW4gZDoKICAgIGQgPSBkLnJlcGxhY2Uob2xkLCBuZXcsIDEpCmVsaWYg
          J2Z1enp5X21hdGNoX3JlcXVpcmVzX2NvbmZpcm1hdGlvbicgbm90IGluIGQ6CiAgICByYWlzZSBT
          eXN0ZW1FeGl0KCdDb3VsZCBub3QgYXBwbHkgZnV6enkgYXV0by1yZWNvdmVyeSBzdG9wIGJsb2Nr
          JykKCmRldi53cml0ZV90ZXh0KGQsIGVuY29kaW5nPSd1dGYtOCcpCgojIDMpIFRpZ2h0ZW4gbWFu
          dWFsIG5pY2tuYW1lIHJlY292ZXJ5IHNlbGVjdGlvbiBpbiBsb2dpbiBBUEkuCmFwaSA9IG11c3Qo
          J2FwcC9hcGkvbG9naW4vcm91dGUuanMnKQphID0gYXBpLnJlYWRfdGV4dChlbmNvZGluZz0ndXRm
          LTgnKQphID0gYS5yZXBsYWNlKAogICAgJ3ZlcmlmeURldmljZU5pY2tuYW1lQ2hvaWNlKHN1cGFi
          YXNlLCBkZXZpY2VGaW5nZXJwcmludCwgc2VsZWN0ZWRSZWNvdmVyeVVzZXJJZCwgeyBtaW5TY29y
          ZTogNzIsIHN1Z2dlc3Rpb25UaHJlc2hvbGQ6IDYwLCBnYXA6IDgsIG1heFN1Z2dlc3Rpb25zOiA4
          IH0pJywKICAgICd2ZXJpZnlEZXZpY2VOaWNrbmFtZUNob2ljZShzdXBhYmFzZSwgZGV2aWNlRmlu
          Z2VycHJpbnQsIHNlbGVjdGVkUmVjb3ZlcnlVc2VySWQsIHsgbWluU2NvcmU6IDkwLCBzdWdnZXN0
          aW9uVGhyZXNob2xkOiA2MCwgZ2FwOiAxNSwgbWF4U3VnZ2VzdGlvbnM6IDggfSknCikKYSA9IGEu
          cmVwbGFjZSgKICAgICd2ZXJpZnlEZXZpY2VOaWNrbmFtZUNob2ljZShzdXBhYmFzZSwgZGV2aWNl
          RmluZ2VycHJpbnQsIHNlbGVjdGVkUmVjb3ZlcnlVc2VySWQsIHsgbWluU2NvcmU6IDkwLCBzdWdn
          ZXN0aW9uVGhyZXNob2xkOiA2MCwgZ2FwOiAxNSwgbWF4U3VnZ2VzdGlvbnM6IDggfSknLAogICAg
          J3ZlcmlmeURldmljZU5pY2tuYW1lQ2hvaWNlKHN1cGFiYXNlLCBkZXZpY2VGaW5nZXJwcmludCwg
          c2VsZWN0ZWRSZWNvdmVyeVVzZXJJZCwgeyBtaW5TY29yZTogOTAsIHN1Z2dlc3Rpb25UaHJlc2hv
          bGQ6IDYwLCBnYXA6IDE1LCBtYXhTdWdnZXN0aW9uczogOCB9KScKKQphID0gYS5yZXBsYWNlKCdj
          aG9pY2UubWFudWFsX3RocmVzaG9sZCB8fCA3MicsICdjaG9pY2UubWFudWFsX3RocmVzaG9sZCB8
          fCA5MCcpCmEgPSBhLnJlcGxhY2UoJ2Nob2ljZS5tYW51YWxfdGhyZXNob2xkIHx8IDkyJywgJ2No
          b2ljZS5tYW51YWxfdGhyZXNob2xkIHx8IDkwJykKYXBpLndyaXRlX3RleHQoYSwgZW5jb2Rpbmc9
          J3V0Zi04JykKCiMgNCkgRG9jdW1lbnRhdGlvbiBhbmQgZGVwbG95IHRyaWdnZXIuCmRvYyA9ICcn
          JyMgU3RlcCA1LjYgLSBEZXZpY2UgSW5zdGFuY2UgTG9jayArIE5vIFNpbGVudCBGdXp6eSBSZWNv
          dmVyeQoKIyMg2YXYp9iw2Kcg2YrYtdmE2K3YnwoK2YfYsNinINin2YTYqtit2K/ZitirINmK2YXZ
          hti5INin2YTYrNmH2KfYsiDYp9mE2YXYrtiq2YTZgSDZhdmGINin2YTYr9iu2YjZhCDYqtmE2YLY
          p9im2YrZi9inINio2YPZhtmK2Kkg2YXYs9iq2K7Yr9mFINii2K7YsdiMINit2KrZiSDZhNmIINio
          2LXZhdipINin2YTYrNmH2KfYsiDYo9mIINin2YTYtNio2YPYqSDZgtix2YrYqNipINis2K/Zi9in
          LgoKIyMg2KfZhNmC2KfYudiv2Kkg2KfZhNis2K/Zitiv2KkKCi0g2KfZhNin2LPYqtix2KzYp9i5
          INin2YTYtdin2YXYqiDZhNmE2YPZhtmK2Kkg2YrYudmF2YQg2YHZgti3INmF2Lkg2YbZgdizIGJy
          b3dzZXIvZGV2aWNlIGluc3RhbmNlINin2YTYsNmKINiq2YUg2KrYudmE2YrZhdmHINiz2KfYqNmC
          2YvYpy4KLSDYo9mKINiq2LfYp9io2YIgZnV6enkg2KPZiCDYqti02KfYqNmHINi52KfZhNmKINmK
          2KrYrdmI2YQg2KXZhNmJINmF2YLYqtix2K3Yp9iqINmB2YLYt9iMINmI2YTYpyDZiti52LfZiiDY
          p9mE2KfYs9mFINiq2YTZgtin2KbZitmL2KcuCi0g2KfYrtiq2YrYp9ixINmD2YbZitipINmF2YYg
          2KfZhNmF2YLYqtix2K3Yp9iqINmK2K3Yqtin2KwgOTAlKyDZiNmB2KfYsdmCIDE1JSDYudmGINij
          2YLYsdioINmF2LPYqtiu2K/ZhSDYotiu2LEuCi0g2KXYsNinINmD2KrYqCDYp9mE2YXYs9iq2K7Y
          r9mFINmD2YbZitipINmF2YjYrNmI2K/YqSDYqNin2YTZgdi52YTYjCDZitiz2KrZhdixINmB2K3Y
          tSBTdGVwIDUuNSDZgdmKINix2YHYttmH2Kcg2YXZhiDYp9mE2LPZitix2YHYsS4KCiMjINmF2YTY
          p9it2LjYqSDZhdmH2YXYqQoK2YTZiCDYp9mE2YXYs9iq2K7Yr9mFINmF2LPYrSBDb29raWVzINmB
          2YLYtyDZiNiq2LHZgyBsb2NhbFN0b3JhZ2XYjCDYutin2YTYqNmL2Kcg2LPZiti42YQg2YbZgdiz
          IGRldmljZSBpbnN0YW5jZSDZiNmK2LPYqti52YrYryDZg9mG2YrYqtmHLgrZhNmIINmF2LPYrSBT
          aXRlIERhdGEg2KjYp9mE2YPYp9mF2YTYjCDYp9mE2YXYqti12YHYrSDZitmB2YLYryBkZXZpY2Ug
          aW5zdGFuY2XYjCDZiNiz2YrYrdiq2KfYrCDZg9mG2YrYqSDYrNiv2YrYr9ipINij2Ygg2YXZgtiq
          2LHYrSDYotmF2YYuCgrZhNinINmK2YjYrNivIFNRTCDYrNiv2YrYry4K2YTYpyDZitmI2KzYryBw
          b2xsaW5nLgrZhNinINmK2YjYrNivIEFQSSDYrNiv2YrYry4KJycnClBhdGgoJ1NFQ1VSSVRZX1VQ
          R1JBREVfU1RFUDU2X0FSLm1kJykud3JpdGVfdGV4dChkb2MsIGVuY29kaW5nPSd1dGYtOCcpClBh
          dGgoJy5jbG91ZGZsYXJlLWRlcGxveS10cmlnZ2VyJykud3JpdGVfdGV4dCgnc3RlcDU2LWRldmlj
          ZS1pbnN0YW5jZS1sb2NrICcgKyBkYXRldGltZS5ub3codGltZXpvbmUudXRjKS5pc29mb3JtYXQo
          KSArICdcbicsIGVuY29kaW5nPSd1dGYtOCcpCg==
          PY64
          base64 -d /tmp/step56.py.b64 > /tmp/step56.py
          python3 /tmp/step56.py

      - name: Commit and push changes
        shell: bash
        run: |
          set -euo pipefail
          git config user.name "sr-security-bot"
          git config user.email "sr-security-bot@users.noreply.github.com"
          git add app/login/page.js app/api/login/route.js lib/server/device-confidence.js SECURITY_UPGRADE_STEP56_AR.md .cloudflare-deploy-trigger
          if git diff --cached --quiet; then
            echo "No changes to commit"
            exit 0
          fi
          git commit -m "Step 5.6 device instance nickname safety"
          git pull --rebase origin "${GITHUB_REF_NAME}"
          git push origin HEAD:"${GITHUB_REF_NAME}"
